
Microsoft Visual Studio Solution File, Format Version 12.00
# Visual Studio Version 17
VisualStudioVersion = 17.4.33205.214
MinimumVisualStudioVersion = 10.0.40219.1
Project("{FAE04EC0-301F-11D3-BF4B-00C04F79EFBC}") = "aplicativo", "aplicativo\aplicativo.csproj", "{02747180-D321-4821-BDA9-CB7396606210}"
EndProject
Global
	GlobalSection(SolutionConfigurationPlatforms) = preSolution
		Debug|Any CPU = Debug|Any CPU
		Release|Any CPU = Release|Any CPU
	EndGlobalSection
	GlobalSection(ProjectConfigurationPlatforms) = postSolution
		{02747180-D321-4821-BDA9-CB7396606210}.Debug|Any CPU.ActiveCfg = Debug|Any CPU
		{02747180-D321-4821-BDA9-CB7396606210}.Debug|Any CPU.Build.0 = Debug|Any CPU
		{02747180-D321-4821-BDA9-CB7396606210}.Release|Any CPU.ActiveCfg = Release|Any CPU
		{02747180-D321-4821-BDA9-CB7396606210}.Release|Any CPU.Build.0 = Release|Any CPU
	EndGlobalSection
	GlobalSection(SolutionProperties) = preSolution
		HideSolutionNode = FALSE
	EndGlobalSection
	GlobalSection(ExtensibilityGlobals) = postSolution
		SolutionGuid = {66B7173F-F729-4F0F-805F-B0AD964CA60B}
	EndGlobalSection
EndGlobal
